// !$*UTF8*$!
{
	archiveVersion = 1;
	classes = {
	};
	objectVersion = 45;
	objects = {

/* Begin PBXBuildFile section */
		1BC6E14411E5CF00003D6B05 /* CRAutorunOnLogin.mm in Sources */ = {isa = PBXBuildFile; fileRef = 1BC6E14311E5CF00003D6B05 /* CRAutorunOnLogin.mm */; };
		1BC6E1E111E5DC7C003D6B05 /* LOApplication.mm in Sources */ = {isa = PBXBuildFile; fileRef = 1BC6E1E011E5DC7C003D6B05 /* LOApplication.mm */; };
		1BC6E34511E5F9AE003D6B05 /* ShortcutRecorder.framework in Frameworks */ = {isa = PBXBuildFile; fileRef = 1BC6E34411E5F9AE003D6B05 /* ShortcutRecorder.framework */; };
		1BC6E35011E5F9BB003D6B05 /* ShortcutRecorder.framework in Copy Frameworks */ = {isa = PBXBuildFile; fileRef = 1BC6E34411E5F9AE003D6B05 /* ShortcutRecorder.framework */; };
		1BC6E38411E600ED003D6B05 /* SGHotKey.mm in Sources */ = {isa = PBXBuildFile; fileRef = 1BC6E37D11E600ED003D6B05 /* SGHotKey.mm */; };
		1BC6E38511E600ED003D6B05 /* SGHotKeyCenter.mm in Sources */ = {isa = PBXBuildFile; fileRef = 1BC6E37F11E600ED003D6B05 /* SGHotKeyCenter.mm */; };
		1BC6E38611E600ED003D6B05 /* SGKeyCodeTranslator.mm in Sources */ = {isa = PBXBuildFile; fileRef = 1BC6E38111E600ED003D6B05 /* SGKeyCodeTranslator.mm */; };
		1BC6E38711E600ED003D6B05 /* SGKeyCombo.mm in Sources */ = {isa = PBXBuildFile; fileRef = 1BC6E38311E600ED003D6B05 /* SGKeyCombo.mm */; };
		1BC6E38A11E600FD003D6B05 /* LOHotKeysCenter.mm in Sources */ = {isa = PBXBuildFile; fileRef = 1BC6E38911E600FD003D6B05 /* LOHotKeysCenter.mm */; };
		1BCD763911EC492E000938B1 /* CRAboutWindow.xib in Resources */ = {isa = PBXBuildFile; fileRef = 1BCD763711EC492E000938B1 /* CRAboutWindow.xib */; };
		1BCD768D11EC4AA0000938B1 /* CRRoundedBox.mm in Sources */ = {isa = PBXBuildFile; fileRef = 1BCD768C11EC4AA0000938B1 /* CRRoundedBox.mm */; };
		1BCD76BA11EC52AB000938B1 /* sparkle_public.pem in Resources */ = {isa = PBXBuildFile; fileRef = 1BCD76B911EC52AB000938B1 /* sparkle_public.pem */; };
		1BCD77E411EC5E55000938B1 /* TranslatorHeavy.tiff in Resources */ = {isa = PBXBuildFile; fileRef = 1BCD77E111EC5E55000938B1 /* TranslatorHeavy.tiff */; };
		1BCD77E511EC5E55000938B1 /* TranslatorLight.tiff in Resources */ = {isa = PBXBuildFile; fileRef = 1BCD77E211EC5E55000938B1 /* TranslatorLight.tiff */; };
		1BCD77E611EC5E55000938B1 /* TranslatorMiddle.tiff in Resources */ = {isa = PBXBuildFile; fileRef = 1BCD77E311EC5E55000938B1 /* TranslatorMiddle.tiff */; };
		1BCE292A11E786B1006CD5DC /* CRAboutWindowController.mm in Sources */ = {isa = PBXBuildFile; fileRef = 1BCE292911E786B1006CD5DC /* CRAboutWindowController.mm */; };
		1BCE2A6311E78EF6006CD5DC /* Credits in Resources */ = {isa = PBXBuildFile; fileRef = 1BCE2A5D11E78EF6006CD5DC /* Credits */; };
		1BCE2B0E11E7A275006CD5DC /* CRAboutWindow.mm in Sources */ = {isa = PBXBuildFile; fileRef = 1BCE2B0D11E7A275006CD5DC /* CRAboutWindow.mm */; };
		1BCE2B9511E7BF3D006CD5DC /* CRDataToObjectTransformer.mm in Sources */ = {isa = PBXBuildFile; fileRef = 1BCE2B9411E7BF3D006CD5DC /* CRDataToObjectTransformer.mm */; };
		1BD2548911E45E7B006CD313 /* Constants.mm in Sources */ = {isa = PBXBuildFile; fileRef = 1BD2548811E45E7B006CD313 /* Constants.mm */; };
		1BD2549311E45E9E006CD313 /* CRJSExec.mm in Sources */ = {isa = PBXBuildFile; fileRef = 1BD2549011E45E9E006CD313 /* CRJSExec.mm */; };
		1BD2549411E45E9E006CD313 /* CRJSMapper.mm in Sources */ = {isa = PBXBuildFile; fileRef = 1BD2549111E45E9E006CD313 /* CRJSMapper.mm */; };
		1BD2549511E45E9E006CD313 /* CRJSRemoteQuery.mm in Sources */ = {isa = PBXBuildFile; fileRef = 1BD2549211E45E9E006CD313 /* CRJSRemoteQuery.mm */; };
		1BD2549B11E45ED3006CD313 /* CRGoogleTranslate.mm in Sources */ = {isa = PBXBuildFile; fileRef = 1BD2549911E45ED3006CD313 /* CRGoogleTranslate.mm */; };
		1BD2549D11E45EEA006CD313 /* GoogleTranslate.html in Resources */ = {isa = PBXBuildFile; fileRef = 1BD2549C11E45EEA006CD313 /* GoogleTranslate.html */; };
		1BD256C311E47FDA006CD313 /* LOSpecialWindow.mm in Sources */ = {isa = PBXBuildFile; fileRef = 1BD256C211E47FDA006CD313 /* LOSpecialWindow.mm */; };
		1BD256DD11E48146006CD313 /* TitlebarClose.tiff in Resources */ = {isa = PBXBuildFile; fileRef = 1BD256DC11E48146006CD313 /* TitlebarClose.tiff */; };
		1BD256FF11E4865B006CD313 /* LOTranslatorWindowController.mm in Sources */ = {isa = PBXBuildFile; fileRef = 1BD256FE11E4865B006CD313 /* LOTranslatorWindowController.mm */; };
		1BD2574D11E48CD1006CD313 /* CRChangeSignaler.mm in Sources */ = {isa = PBXBuildFile; fileRef = 1BD2574C11E48CD1006CD313 /* CRChangeSignaler.mm */; };
		1BD2575011E48CED006CD313 /* TranslatorWindow.xib in Resources */ = {isa = PBXBuildFile; fileRef = 1BD2574E11E48CED006CD313 /* TranslatorWindow.xib */; };
		1BD2576C11E48E88006CD313 /* TranslatorMiddleView.xib in Resources */ = {isa = PBXBuildFile; fileRef = 1BD2576A11E48E88006CD313 /* TranslatorMiddleView.xib */; };
		1BD2578B11E49293006CD313 /* TranslatorHeavyView.xib in Resources */ = {isa = PBXBuildFile; fileRef = 1BD2578711E49293006CD313 /* TranslatorHeavyView.xib */; };
		1BD2578C11E49293006CD313 /* TranslatorLightView.xib in Resources */ = {isa = PBXBuildFile; fileRef = 1BD2578911E49293006CD313 /* TranslatorLightView.xib */; };
		1BD2596011E4AEA5006CD313 /* LOTranslatorController.mm in Sources */ = {isa = PBXBuildFile; fileRef = 1BD2595911E4AEA5006CD313 /* LOTranslatorController.mm */; };
		1BD2596111E4AEA5006CD313 /* LOTranslatorHeavyController.mm in Sources */ = {isa = PBXBuildFile; fileRef = 1BD2595B11E4AEA5006CD313 /* LOTranslatorHeavyController.mm */; };
		1BD2596211E4AEA5006CD313 /* LOTranslatorLightController.mm in Sources */ = {isa = PBXBuildFile; fileRef = 1BD2595D11E4AEA5006CD313 /* LOTranslatorLightController.mm */; };
		1BD2596311E4AEA5006CD313 /* LOTranslatorMiddleController.mm in Sources */ = {isa = PBXBuildFile; fileRef = 1BD2595F11E4AEA5006CD313 /* LOTranslatorMiddleController.mm */; };
		1BD259E711E4B9DC006CD313 /* FeedbackReporter.framework in Frameworks */ = {isa = PBXBuildFile; fileRef = 1BD259E511E4B9DC006CD313 /* FeedbackReporter.framework */; };
		1BD259E811E4B9DC006CD313 /* Sparkle.framework in Frameworks */ = {isa = PBXBuildFile; fileRef = 1BD259E611E4B9DC006CD313 /* Sparkle.framework */; };
		1BD259F611E4BA0B006CD313 /* Sparkle.framework in Copy Frameworks */ = {isa = PBXBuildFile; fileRef = 1BD259E611E4B9DC006CD313 /* Sparkle.framework */; };
		1BD259F711E4BA0B006CD313 /* FeedbackReporter.framework in Copy Frameworks */ = {isa = PBXBuildFile; fileRef = 1BD259E511E4B9DC006CD313 /* FeedbackReporter.framework */; };
		1BD25B9A11E4CDDD006CD313 /* LOPreferencesWindowController.mm in Sources */ = {isa = PBXBuildFile; fileRef = 1BD25B9911E4CDDD006CD313 /* LOPreferencesWindowController.mm */; };
		1BD25B9D11E4CDEE006CD313 /* PreferencesWindow.xib in Resources */ = {isa = PBXBuildFile; fileRef = 1BD25B9B11E4CDEE006CD313 /* PreferencesWindow.xib */; };
		1BE59F5811E8D37D00CF82C3 /* LOShared.mm in Sources */ = {isa = PBXBuildFile; fileRef = 1BE59F5711E8D37D00CF82C3 /* LOShared.mm */; };
		1BE59F5F11E8D39000CF82C3 /* CRGoogleLanguage.mm in Sources */ = {isa = PBXBuildFile; fileRef = 1BE59F5C11E8D39000CF82C3 /* CRGoogleLanguage.mm */; };
		1BE59F6011E8D39000CF82C3 /* CRGoogleLanguagePair.mm in Sources */ = {isa = PBXBuildFile; fileRef = 1BE59F5D11E8D39000CF82C3 /* CRGoogleLanguagePair.mm */; };
		1BE59F6111E8D39000CF82C3 /* CRGoogleLanguagePairsSet.mm in Sources */ = {isa = PBXBuildFile; fileRef = 1BE59F5E11E8D39000CF82C3 /* CRGoogleLanguagePairsSet.mm */; };
		1BE59F6F11E8D3D500CF82C3 /* Localizable.strings in Resources */ = {isa = PBXBuildFile; fileRef = 1BE59F6D11E8D3D500CF82C3 /* Localizable.strings */; };
		1BF0C9BD11DF6A43005C908F /* LingooAppDelegate.mm in Sources */ = {isa = PBXBuildFile; fileRef = 1BF0C9BC11DF6A43005C908F /* LingooAppDelegate.mm */; };
		1BF0C9BF11DF6A4F005C908F /* main.m in Sources */ = {isa = PBXBuildFile; fileRef = 1BF0C9BE11DF6A4F005C908F /* main.m */; };
		1BF0C9C411DF6A61005C908F /* MainMenu.xib in Resources */ = {isa = PBXBuildFile; fileRef = 1BF0C9C011DF6A61005C908F /* MainMenu.xib */; };
		1BF0C9C511DF6A61005C908F /* InfoPlist.strings in Resources */ = {isa = PBXBuildFile; fileRef = 1BF0C9C211DF6A61005C908F /* InfoPlist.strings */; };
		1BF0CC0C11DFAAE3005C908F /* WebKit.framework in Frameworks */ = {isa = PBXBuildFile; fileRef = 1BF0CC0B11DFAAE3005C908F /* WebKit.framework */; };
		1BF0CD8A11DFBA4B005C908F /* BWToolkitFramework.framework in Frameworks */ = {isa = PBXBuildFile; fileRef = 1BF0CD8911DFBA4B005C908F /* BWToolkitFramework.framework */; };
		1BF0CDCE11DFBA97005C908F /* BWToolkitFramework.framework in Copy Frameworks */ = {isa = PBXBuildFile; fileRef = 1BF0CD8911DFBA4B005C908F /* BWToolkitFramework.framework */; };
		1BF0CDF211DFD496005C908F /* Carbon.framework in Frameworks */ = {isa = PBXBuildFile; fileRef = 1BF0CDF111DFD496005C908F /* Carbon.framework */; };
		8D11072F0486CEB800E47090 /* Cocoa.framework in Frameworks */ = {isa = PBXBuildFile; fileRef = 1058C7A1FEA54F0111CA2CBB /* Cocoa.framework */; };
/* End PBXBuildFile section */

/* Begin PBXCopyFilesBuildPhase section */
		1BF0CDD711DFBAB0005C908F /* Copy Frameworks */ = {
			isa = PBXCopyFilesBuildPhase;
			buildActionMask = 2147483647;
			dstPath = "";
			dstSubfolderSpec = 10;
			files = (
				1BC6E35011E5F9BB003D6B05 /* ShortcutRecorder.framework in Copy Frameworks */,
				1BD259F611E4BA0B006CD313 /* Sparkle.framework in Copy Frameworks */,
				1BD259F711E4BA0B006CD313 /* FeedbackReporter.framework in Copy Frameworks */,
				1BF0CDCE11DFBA97005C908F /* BWToolkitFramework.framework in Copy Frameworks */,
			);
			name = "Copy Frameworks";
			runOnlyForDeploymentPostprocessing = 0;
		};
/* End PBXCopyFilesBuildPhase section */

/* Begin PBXFileReference section */
		1058C7A1FEA54F0111CA2CBB /* Cocoa.framework */ = {isa = PBXFileReference; lastKnownFileType = wrapper.framework; name = Cocoa.framework; path = /System/Library/Frameworks/Cocoa.framework; sourceTree = "<absolute>"; };
		13E42FB307B3F0F600E4EEF1 /* CoreData.framework */ = {isa = PBXFileReference; lastKnownFileType = wrapper.framework; name = CoreData.framework; path = /System/Library/Frameworks/CoreData.framework; sourceTree = "<absolute>"; };
		1BC6E14211E5CF00003D6B05 /* CRAutorunOnLogin.h */ = {isa = PBXFileReference; fileEncoding = 4; lastKnownFileType = sourcecode.c.h; name = CRAutorunOnLogin.h; path = Source/Common/CRAutorunOnLogin.h; sourceTree = "<group>"; };
		1BC6E14311E5CF00003D6B05 /* CRAutorunOnLogin.mm */ = {isa = PBXFileReference; fileEncoding = 4; lastKnownFileType = sourcecode.cpp.objcpp; name = CRAutorunOnLogin.mm; path = Source/Common/CRAutorunOnLogin.mm; sourceTree = "<group>"; };
		1BC6E1DF11E5DC7C003D6B05 /* LOApplication.h */ = {isa = PBXFileReference; fileEncoding = 4; lastKnownFileType = sourcecode.c.h; name = LOApplication.h; path = Source/LOApplication.h; sourceTree = "<group>"; };
		1BC6E1E011E5DC7C003D6B05 /* LOApplication.mm */ = {isa = PBXFileReference; fileEncoding = 4; lastKnownFileType = sourcecode.cpp.objcpp; name = LOApplication.mm; path = Source/LOApplication.mm; sourceTree = "<group>"; };
		1BC6E34411E5F9AE003D6B05 /* ShortcutRecorder.framework */ = {isa = PBXFileReference; lastKnownFileType = wrapper.framework; name = ShortcutRecorder.framework; path = "../External frameworks/ShortcutRecorder/ShortcutRecorder.framework"; sourceTree = SOURCE_ROOT; };
		1BC6E37C11E600ED003D6B05 /* SGHotKey.h */ = {isa = PBXFileReference; fileEncoding = 4; lastKnownFileType = sourcecode.c.h; path = SGHotKey.h; sourceTree = "<group>"; };
		1BC6E37D11E600ED003D6B05 /* SGHotKey.mm */ = {isa = PBXFileReference; fileEncoding = 4; lastKnownFileType = sourcecode.cpp.objcpp; path = SGHotKey.mm; sourceTree = "<group>"; };
		1BC6E37E11E600ED003D6B05 /* SGHotKeyCenter.h */ = {isa = PBXFileReference; fileEncoding = 4; lastKnownFileType = sourcecode.c.h; path = SGHotKeyCenter.h; sourceTree = "<group>"; };
		1BC6E37F11E600ED003D6B05 /* SGHotKeyCenter.mm */ = {isa = PBXFileReference; fileEncoding = 4; lastKnownFileType = sourcecode.cpp.objcpp; path = SGHotKeyCenter.mm; sourceTree = "<group>"; };
		1BC6E38011E600ED003D6B05 /* SGKeyCodeTranslator.h */ = {isa = PBXFileReference; fileEncoding = 4; lastKnownFileType = sourcecode.c.h; path = SGKeyCodeTranslator.h; sourceTree = "<group>"; };
		1BC6E38111E600ED003D6B05 /* SGKeyCodeTranslator.mm */ = {isa = PBXFileReference; fileEncoding = 4; lastKnownFileType = sourcecode.cpp.objcpp; path = SGKeyCodeTranslator.mm; sourceTree = "<group>"; };
		1BC6E38211E600ED003D6B05 /* SGKeyCombo.h */ = {isa = PBXFileReference; fileEncoding = 4; lastKnownFileType = sourcecode.c.h; path = SGKeyCombo.h; sourceTree = "<group>"; };
		1BC6E38311E600ED003D6B05 /* SGKeyCombo.mm */ = {isa = PBXFileReference; fileEncoding = 4; lastKnownFileType = sourcecode.cpp.objcpp; path = SGKeyCombo.mm; sourceTree = "<group>"; };
		1BC6E38811E600FD003D6B05 /* LOHotKeysCenter.h */ = {isa = PBXFileReference; fileEncoding = 4; lastKnownFileType = sourcecode.c.h; path = LOHotKeysCenter.h; sourceTree = "<group>"; };
		1BC6E38911E600FD003D6B05 /* LOHotKeysCenter.mm */ = {isa = PBXFileReference; fileEncoding = 4; lastKnownFileType = sourcecode.cpp.objcpp; path = LOHotKeysCenter.mm; sourceTree = "<group>"; };
		1BCD763811EC492E000938B1 /* English */ = {isa = PBXFileReference; lastKnownFileType = file.xib; name = English; path = Resources/English.lproj/CRAboutWindow.xib; sourceTree = "<group>"; };
		1BCD768B11EC4AA0000938B1 /* CRRoundedBox.h */ = {isa = PBXFileReference; fileEncoding = 4; lastKnownFileType = sourcecode.c.h; name = CRRoundedBox.h; path = Source/Controls/CRRoundedBox.h; sourceTree = "<group>"; };
		1BCD768C11EC4AA0000938B1 /* CRRoundedBox.mm */ = {isa = PBXFileReference; fileEncoding = 4; lastKnownFileType = sourcecode.cpp.objcpp; name = CRRoundedBox.mm; path = Source/Controls/CRRoundedBox.mm; sourceTree = "<group>"; };
		1BCD76B911EC52AB000938B1 /* sparkle_public.pem */ = {isa = PBXFileReference; fileEncoding = 4; lastKnownFileType = text; name = sparkle_public.pem; path = Keys/sparkle_public.pem; sourceTree = "<group>"; };
		1BCD77E111EC5E55000938B1 /* TranslatorHeavy.tiff */ = {isa = PBXFileReference; lastKnownFileType = image.tiff; name = TranslatorHeavy.tiff; path = Resources/Images/TranslatorHeavy.tiff; sourceTree = "<group>"; };
		1BCD77E211EC5E55000938B1 /* TranslatorLight.tiff */ = {isa = PBXFileReference; lastKnownFileType = image.tiff; name = TranslatorLight.tiff; path = Resources/Images/TranslatorLight.tiff; sourceTree = "<group>"; };
		1BCD77E311EC5E55000938B1 /* TranslatorMiddle.tiff */ = {isa = PBXFileReference; lastKnownFileType = image.tiff; name = TranslatorMiddle.tiff; path = Resources/Images/TranslatorMiddle.tiff; sourceTree = "<group>"; };
		1BCE292811E786B1006CD5DC /* CRAboutWindowController.h */ = {isa = PBXFileReference; fileEncoding = 4; lastKnownFileType = sourcecode.c.h; path = CRAboutWindowController.h; sourceTree = "<group>"; };
		1BCE292911E786B1006CD5DC /* CRAboutWindowController.mm */ = {isa = PBXFileReference; fileEncoding = 4; lastKnownFileType = sourcecode.cpp.objcpp; path = CRAboutWindowController.mm; sourceTree = "<group>"; };
		1BCE2A5D11E78EF6006CD5DC /* Credits */ = {isa = PBXFileReference; lastKnownFileType = folder; name = Credits; path = Resources/Credits; sourceTree = "<group>"; };
		1BCE2B0C11E7A275006CD5DC /* CRAboutWindow.h */ = {isa = PBXFileReference; fileEncoding = 4; lastKnownFileType = sourcecode.c.h; path = CRAboutWindow.h; sourceTree = "<group>"; };
		1BCE2B0D11E7A275006CD5DC /* CRAboutWindow.mm */ = {isa = PBXFileReference; fileEncoding = 4; lastKnownFileType = sourcecode.cpp.objcpp; path = CRAboutWindow.mm; sourceTree = "<group>"; };
		1BCE2B9311E7BF3D006CD5DC /* CRDataToObjectTransformer.h */ = {isa = PBXFileReference; fileEncoding = 4; lastKnownFileType = sourcecode.c.h; name = CRDataToObjectTransformer.h; path = Source/Common/CRDataToObjectTransformer.h; sourceTree = "<group>"; };
		1BCE2B9411E7BF3D006CD5DC /* CRDataToObjectTransformer.mm */ = {isa = PBXFileReference; fileEncoding = 4; lastKnownFileType = sourcecode.cpp.objcpp; name = CRDataToObjectTransformer.mm; path = Source/Common/CRDataToObjectTransformer.mm; sourceTree = "<group>"; };
		1BD2548711E45E7B006CD313 /* Constants.h */ = {isa = PBXFileReference; fileEncoding = 4; lastKnownFileType = sourcecode.c.h; name = Constants.h; path = Source/Common/Constants.h; sourceTree = "<group>"; };
		1BD2548811E45E7B006CD313 /* Constants.mm */ = {isa = PBXFileReference; fileEncoding = 4; lastKnownFileType = sourcecode.cpp.objcpp; name = Constants.mm; path = Source/Common/Constants.mm; sourceTree = "<group>"; };
		1BD2548D11E45E9E006CD313 /* CRJSExec.h */ = {isa = PBXFileReference; fileEncoding = 4; lastKnownFileType = sourcecode.c.h; name = CRJSExec.h; path = Source/CRJavaScript/CRJSExec.h; sourceTree = "<group>"; };
		1BD2548E11E45E9E006CD313 /* CRJSMapper.h */ = {isa = PBXFileReference; fileEncoding = 4; lastKnownFileType = sourcecode.c.h; name = CRJSMapper.h; path = Source/CRJavaScript/CRJSMapper.h; sourceTree = "<group>"; };
		1BD2548F11E45E9E006CD313 /* CRJSRemoteQuery.h */ = {isa = PBXFileReference; fileEncoding = 4; lastKnownFileType = sourcecode.c.h; name = CRJSRemoteQuery.h; path = Source/CRJavaScript/CRJSRemoteQuery.h; sourceTree = "<group>"; };
		1BD2549011E45E9E006CD313 /* CRJSExec.mm */ = {isa = PBXFileReference; fileEncoding = 4; lastKnownFileType = sourcecode.cpp.objcpp; name = CRJSExec.mm; path = Source/CRJavaScript/CRJSExec.mm; sourceTree = "<group>"; };
		1BD2549111E45E9E006CD313 /* CRJSMapper.mm */ = {isa = PBXFileReference; fileEncoding = 4; lastKnownFileType = sourcecode.cpp.objcpp; name = CRJSMapper.mm; path = Source/CRJavaScript/CRJSMapper.mm; sourceTree = "<group>"; };
		1BD2549211E45E9E006CD313 /* CRJSRemoteQuery.mm */ = {isa = PBXFileReference; fileEncoding = 4; lastKnownFileType = sourcecode.cpp.objcpp; name = CRJSRemoteQuery.mm; path = Source/CRJavaScript/CRJSRemoteQuery.mm; sourceTree = "<group>"; };
		1BD2549711E45ED3006CD313 /* CRGoogleTranslate.h */ = {isa = PBXFileReference; fileEncoding = 4; lastKnownFileType = sourcecode.c.h; name = CRGoogleTranslate.h; path = "Source/Google Translate/CRGoogleTranslate.h"; sourceTree = "<group>"; };
		1BD2549911E45ED3006CD313 /* CRGoogleTranslate.mm */ = {isa = PBXFileReference; fileEncoding = 4; lastKnownFileType = sourcecode.cpp.objcpp; name = CRGoogleTranslate.mm; path = "Source/Google Translate/CRGoogleTranslate.mm"; sourceTree = "<group>"; };
		1BD2549C11E45EEA006CD313 /* GoogleTranslate.html */ = {isa = PBXFileReference; fileEncoding = 4; lastKnownFileType = text.html; name = GoogleTranslate.html; path = "Source/Google Translate/GoogleTranslate.html"; sourceTree = "<group>"; };
		1BD256C111E47FDA006CD313 /* LOSpecialWindow.h */ = {isa = PBXFileReference; fileEncoding = 4; lastKnownFileType = sourcecode.c.h; name = LOSpecialWindow.h; path = Source/Controls/LOSpecialWindow.h; sourceTree = "<group>"; };
		1BD256C211E47FDA006CD313 /* LOSpecialWindow.mm */ = {isa = PBXFileReference; fileEncoding = 4; lastKnownFileType = sourcecode.cpp.objcpp; name = LOSpecialWindow.mm; path = Source/Controls/LOSpecialWindow.mm; sourceTree = "<group>"; };
		1BD256DC11E48146006CD313 /* TitlebarClose.tiff */ = {isa = PBXFileReference; lastKnownFileType = image.tiff; name = TitlebarClose.tiff; path = Resources/Images/TitlebarClose.tiff; sourceTree = "<group>"; };
		1BD256FD11E4865B006CD313 /* LOTranslatorWindowController.h */ = {isa = PBXFileReference; fileEncoding = 4; lastKnownFileType = sourcecode.c.h; name = LOTranslatorWindowController.h; path = Source/Controllers/LOTranslatorWindowController.h; sourceTree = "<group>"; };
		1BD256FE11E4865B006CD313 /* LOTranslatorWindowController.mm */ = {isa = PBXFileReference; fileEncoding = 4; lastKnownFileType = sourcecode.cpp.objcpp; name = LOTranslatorWindowController.mm; path = Source/Controllers/LOTranslatorWindowController.mm; sourceTree = "<group>"; };
		1BD2574B11E48CD1006CD313 /* CRChangeSignaler.h */ = {isa = PBXFileReference; fileEncoding = 4; lastKnownFileType = sourcecode.c.h; name = CRChangeSignaler.h; path = Source/Common/CRChangeSignaler.h; sourceTree = "<group>"; };
		1BD2574C11E48CD1006CD313 /* CRChangeSignaler.mm */ = {isa = PBXFileReference; fileEncoding = 4; lastKnownFileType = sourcecode.cpp.objcpp; name = CRChangeSignaler.mm; path = Source/Common/CRChangeSignaler.mm; sourceTree = "<group>"; };
		1BD2574F11E48CED006CD313 /* English */ = {isa = PBXFileReference; lastKnownFileType = file.xib; name = English; path = Resources/English.lproj/TranslatorWindow.xib; sourceTree = "<group>"; };
		1BD2576B11E48E88006CD313 /* English */ = {isa = PBXFileReference; lastKnownFileType = file.xib; name = English; path = Resources/English.lproj/TranslatorMiddleView.xib; sourceTree = "<group>"; };
		1BD2578811E49293006CD313 /* English */ = {isa = PBXFileReference; lastKnownFileType = file.xib; name = English; path = Resources/English.lproj/TranslatorHeavyView.xib; sourceTree = "<group>"; };
		1BD2578A11E49293006CD313 /* English */ = {isa = PBXFileReference; lastKnownFileType = file.xib; name = English; path = Resources/English.lproj/TranslatorLightView.xib; sourceTree = "<group>"; };
		1BD2595811E4AEA5006CD313 /* LOTranslatorController.h */ = {isa = PBXFileReference; fileEncoding = 4; lastKnownFileType = sourcecode.c.h; name = LOTranslatorController.h; path = Source/Controllers/Views/LOTranslatorController.h; sourceTree = "<group>"; };
		1BD2595911E4AEA5006CD313 /* LOTranslatorController.mm */ = {isa = PBXFileReference; fileEncoding = 4; lastKnownFileType = sourcecode.cpp.objcpp; name = LOTranslatorController.mm; path = Source/Controllers/Views/LOTranslatorController.mm; sourceTree = "<group>"; };
		1BD2595A11E4AEA5006CD313 /* LOTranslatorHeavyController.h */ = {isa = PBXFileReference; fileEncoding = 4; lastKnownFileType = sourcecode.c.h; name = LOTranslatorHeavyController.h; path = Source/Controllers/Views/LOTranslatorHeavyController.h; sourceTree = "<group>"; };
		1BD2595B11E4AEA5006CD313 /* LOTranslatorHeavyController.mm */ = {isa = PBXFileReference; fileEncoding = 4; lastKnownFileType = sourcecode.cpp.objcpp; name = LOTranslatorHeavyController.mm; path = Source/Controllers/Views/LOTranslatorHeavyController.mm; sourceTree = "<group>"; };
		1BD2595C11E4AEA5006CD313 /* LOTranslatorLightController.h */ = {isa = PBXFileReference; fileEncoding = 4; lastKnownFileType = sourcecode.c.h; name = LOTranslatorLightController.h; path = Source/Controllers/Views/LOTranslatorLightController.h; sourceTree = "<group>"; };
		1BD2595D11E4AEA5006CD313 /* LOTranslatorLightController.mm */ = {isa = PBXFileReference; fileEncoding = 4; lastKnownFileType = sourcecode.cpp.objcpp; name = LOTranslatorLightController.mm; path = Source/Controllers/Views/LOTranslatorLightController.mm; sourceTree = "<group>"; };
		1BD2595E11E4AEA5006CD313 /* LOTranslatorMiddleController.h */ = {isa = PBXFileReference; fileEncoding = 4; lastKnownFileType = sourcecode.c.h; name = LOTranslatorMiddleController.h; path = Source/Controllers/Views/LOTranslatorMiddleController.h; sourceTree = "<group>"; };
		1BD2595F11E4AEA5006CD313 /* LOTranslatorMiddleController.mm */ = {isa = PBXFileReference; fileEncoding = 4; lastKnownFileType = sourcecode.cpp.objcpp; name = LOTranslatorMiddleController.mm; path = Source/Controllers/Views/LOTranslatorMiddleController.mm; sourceTree = "<group>"; };
		1BD259E511E4B9DC006CD313 /* FeedbackReporter.framework */ = {isa = PBXFileReference; lastKnownFileType = wrapper.framework; name = FeedbackReporter.framework; path = "../External frameworks/FeedbackReporter.framework"; sourceTree = SOURCE_ROOT; };
		1BD259E611E4B9DC006CD313 /* Sparkle.framework */ = {isa = PBXFileReference; lastKnownFileType = wrapper.framework; name = Sparkle.framework; path = "../External frameworks/Sparkle.framework"; sourceTree = SOURCE_ROOT; };
		1BD25B9811E4CDDD006CD313 /* LOPreferencesWindowController.h */ = {isa = PBXFileReference; fileEncoding = 4; lastKnownFileType = sourcecode.c.h; name = LOPreferencesWindowController.h; path = Source/Controllers/LOPreferencesWindowController.h; sourceTree = "<group>"; };
		1BD25B9911E4CDDD006CD313 /* LOPreferencesWindowController.mm */ = {isa = PBXFileReference; fileEncoding = 4; lastKnownFileType = sourcecode.cpp.objcpp; name = LOPreferencesWindowController.mm; path = Source/Controllers/LOPreferencesWindowController.mm; sourceTree = "<group>"; };
		1BD25B9C11E4CDEE006CD313 /* English */ = {isa = PBXFileReference; lastKnownFileType = file.xib; name = English; path = Resources/English.lproj/PreferencesWindow.xib; sourceTree = "<group>"; };
		1BE59F5611E8D37D00CF82C3 /* LOShared.h */ = {isa = PBXFileReference; fileEncoding = 4; lastKnownFileType = sourcecode.c.h; name = LOShared.h; path = Source/LOShared.h; sourceTree = "<group>"; };
		1BE59F5711E8D37D00CF82C3 /* LOShared.mm */ = {isa = PBXFileReference; fileEncoding = 4; lastKnownFileType = sourcecode.cpp.objcpp; name = LOShared.mm; path = Source/LOShared.mm; sourceTree = "<group>"; };
		1BE59F5911E8D39000CF82C3 /* CRGoogleLanguage.h */ = {isa = PBXFileReference; fileEncoding = 4; lastKnownFileType = sourcecode.c.h; name = CRGoogleLanguage.h; path = "Source/Google Translate/Language/CRGoogleLanguage.h"; sourceTree = "<group>"; };
		1BE59F5A11E8D39000CF82C3 /* CRGoogleLanguagePair.h */ = {isa = PBXFileReference; fileEncoding = 4; lastKnownFileType = sourcecode.c.h; name = CRGoogleLanguagePair.h; path = "Source/Google Translate/Language/CRGoogleLanguagePair.h"; sourceTree = "<group>"; };
		1BE59F5B11E8D39000CF82C3 /* CRGoogleLanguagePairsSet.h */ = {isa = PBXFileReference; fileEncoding = 4; lastKnownFileType = sourcecode.c.h; name = CRGoogleLanguagePairsSet.h; path = "Source/Google Translate/Language/CRGoogleLanguagePairsSet.h"; sourceTree = "<group>"; };
		1BE59F5C11E8D39000CF82C3 /* CRGoogleLanguage.mm */ = {isa = PBXFileReference; fileEncoding = 4; lastKnownFileType = sourcecode.cpp.objcpp; name = CRGoogleLanguage.mm; path = "Source/Google Translate/Language/CRGoogleLanguage.mm"; sourceTree = "<group>"; };
		1BE59F5D11E8D39000CF82C3 /* CRGoogleLanguagePair.mm */ = {isa = PBXFileReference; fileEncoding = 4; lastKnownFileType = sourcecode.cpp.objcpp; name = CRGoogleLanguagePair.mm; path = "Source/Google Translate/Language/CRGoogleLanguagePair.mm"; sourceTree = "<group>"; };
		1BE59F5E11E8D39000CF82C3 /* CRGoogleLanguagePairsSet.mm */ = {isa = PBXFileReference; fileEncoding = 4; lastKnownFileType = sourcecode.cpp.objcpp; name = CRGoogleLanguagePairsSet.mm; path = "Source/Google Translate/Language/CRGoogleLanguagePairsSet.mm"; sourceTree = "<group>"; };
		1BE59F6E11E8D3D500CF82C3 /* English */ = {isa = PBXFileReference; fileEncoding = 4; lastKnownFileType = text.plist.strings; name = English; path = Resources/English.lproj/Localizable.strings; sourceTree = "<group>"; };
		1BF0C9BB11DF6A43005C908F /* LingooAppDelegate.h */ = {isa = PBXFileReference; fileEncoding = 4; lastKnownFileType = sourcecode.c.h; name = LingooAppDelegate.h; path = Source/LingooAppDelegate.h; sourceTree = "<group>"; };
		1BF0C9BC11DF6A43005C908F /* LingooAppDelegate.mm */ = {isa = PBXFileReference; fileEncoding = 4; lastKnownFileType = sourcecode.cpp.objcpp; name = LingooAppDelegate.mm; path = Source/LingooAppDelegate.mm; sourceTree = "<group>"; };
		1BF0C9BE11DF6A4F005C908F /* main.m */ = {isa = PBXFileReference; fileEncoding = 4; lastKnownFileType = sourcecode.c.objc; name = main.m; path = Source/main.m; sourceTree = "<group>"; };
		1BF0C9C111DF6A61005C908F /* English */ = {isa = PBXFileReference; lastKnownFileType = file.xib; name = English; path = Resources/English.lproj/MainMenu.xib; sourceTree = "<group>"; };
		1BF0C9C311DF6A61005C908F /* English */ = {isa = PBXFileReference; fileEncoding = 4; lastKnownFileType = text.plist.strings; name = English; path = Resources/English.lproj/InfoPlist.strings; sourceTree = "<group>"; };
		1BF0CC0B11DFAAE3005C908F /* WebKit.framework */ = {isa = PBXFileReference; lastKnownFileType = wrapper.framework; name = WebKit.framework; path = System/Library/Frameworks/WebKit.framework; sourceTree = SDKROOT; };
		1BF0CD8911DFBA4B005C908F /* BWToolkitFramework.framework */ = {isa = PBXFileReference; lastKnownFileType = wrapper.framework; name = BWToolkitFramework.framework; path = "../External frameworks/BWToolkit/BWToolkitFramework.framework"; sourceTree = SOURCE_ROOT; };
		1BF0CDF111DFD496005C908F /* Carbon.framework */ = {isa = PBXFileReference; lastKnownFileType = wrapper.framework; name = Carbon.framework; path = System/Library/Frameworks/Carbon.framework; sourceTree = SDKROOT; };
		256AC3F00F4B6AF500CF3369 /* Lingoo_Prefix.pch */ = {isa = PBXFileReference; fileEncoding = 4; lastKnownFileType = sourcecode.c.h; path = Lingoo_Prefix.pch; sourceTree = "<group>"; };
		29B97324FDCFA39411CA2CEA /* AppKit.framework */ = {isa = PBXFileReference; lastKnownFileType = wrapper.framework; name = AppKit.framework; path = /System/Library/Frameworks/AppKit.framework; sourceTree = "<absolute>"; };
		29B97325FDCFA39411CA2CEA /* Foundation.framework */ = {isa = PBXFileReference; lastKnownFileType = wrapper.framework; name = Foundation.framework; path = /System/Library/Frameworks/Foundation.framework; sourceTree = "<absolute>"; };
		8D1107310486CEB800E47090 /* Lingoo-Info.plist */ = {isa = PBXFileReference; fileEncoding = 4; lastKnownFileType = text.plist.xml; path = "Lingoo-Info.plist"; sourceTree = "<group>"; };
		8D1107320486CEB800E47090 /* Lingoo.app */ = {isa = PBXFileReference; explicitFileType = wrapper.application; includeInIndex = 0; path = Lingoo.app; sourceTree = BUILT_PRODUCTS_DIR; };
/* End PBXFileReference section */

/* Begin PBXFrameworksBuildPhase section */
		8D11072E0486CEB800E47090 /* Frameworks */ = {
			isa = PBXFrameworksBuildPhase;
			buildActionMask = 2147483647;
			files = (
				8D11072F0486CEB800E47090 /* Cocoa.framework in Frameworks */,
				1BF0CC0C11DFAAE3005C908F /* WebKit.framework in Frameworks */,
				1BF0CD8A11DFBA4B005C908F /* BWToolkitFramework.framework in Frameworks */,
				1BF0CDF211DFD496005C908F /* Carbon.framework in Frameworks */,
				1BD259E711E4B9DC006CD313 /* FeedbackReporter.framework in Frameworks */,
				1BD259E811E4B9DC006CD313 /* Sparkle.framework in Frameworks */,
				1BC6E34511E5F9AE003D6B05 /* ShortcutRecorder.framework in Frameworks */,
			);
			runOnlyForDeploymentPostprocessing = 0;
		};
/* End PBXFrameworksBuildPhase section */

/* Begin PBXGroup section */
		080E96DDFE201D6D7F000001 /* Classes */ = {
			isa = PBXGroup;
			children = (
				1BD2548311E45E04006CD313 /* Common */,
				1BC8CE7711E264090012A062 /* CRJavaScript */,
				1BC6E36611E5FFF3003D6B05 /* HotKeys */,
				1BCE292711E786B1006CD5DC /* About */,
				1BD256BD11E47FB2006CD313 /* Controls */,
				1BD256F611E484E9006CD313 /* Controllers */,
				1BC8CF6E11E2850E0012A062 /* Google Translate */,
				1BE59F5611E8D37D00CF82C3 /* LOShared.h */,
				1BE59F5711E8D37D00CF82C3 /* LOShared.mm */,
				1BC6E1DF11E5DC7C003D6B05 /* LOApplication.h */,
				1BC6E1E011E5DC7C003D6B05 /* LOApplication.mm */,
				1BF0C9BB11DF6A43005C908F /* LingooAppDelegate.h */,
				1BF0C9BC11DF6A43005C908F /* LingooAppDelegate.mm */,
			);
			name = Classes;
			sourceTree = "<group>";
		};
		1058C7A0FEA54F0111CA2CBB /* Linked Frameworks */ = {
			isa = PBXGroup;
			children = (
				1BD259E611E4B9DC006CD313 /* Sparkle.framework */,
				1BC6E34411E5F9AE003D6B05 /* ShortcutRecorder.framework */,
				1BD259E511E4B9DC006CD313 /* FeedbackReporter.framework */,
				1BF0CD8911DFBA4B005C908F /* BWToolkitFramework.framework */,
				1058C7A1FEA54F0111CA2CBB /* Cocoa.framework */,
				1BF0CC0B11DFAAE3005C908F /* WebKit.framework */,
				1BF0CDF111DFD496005C908F /* Carbon.framework */,
			);
			name = "Linked Frameworks";
			sourceTree = "<group>";
		};
		1058C7A2FEA54F0111CA2CBB /* Other Frameworks */ = {
			isa = PBXGroup;
			children = (
				29B97324FDCFA39411CA2CEA /* AppKit.framework */,
				13E42FB307B3F0F600E4EEF1 /* CoreData.framework */,
				29B97325FDCFA39411CA2CEA /* Foundation.framework */,
			);
			name = "Other Frameworks";
			sourceTree = "<group>";
		};
		19C28FACFE9D520D11CA2CBB /* Products */ = {
			isa = PBXGroup;
			children = (
				8D1107320486CEB800E47090 /* Lingoo.app */,
			);
			name = Products;
			sourceTree = "<group>";
		};
		1BC6E36611E5FFF3003D6B05 /* HotKeys */ = {
			isa = PBXGroup;
			children = (
				1BC6E37B11E600ED003D6B05 /* SGHotKeys */,
				1BC6E38811E600FD003D6B05 /* LOHotKeysCenter.h */,
				1BC6E38911E600FD003D6B05 /* LOHotKeysCenter.mm */,
			);
			name = HotKeys;
			path = Source/HotKeys;
			sourceTree = "<group>";
		};
		1BC6E37B11E600ED003D6B05 /* SGHotKeys */ = {
			isa = PBXGroup;
			children = (
				1BC6E37C11E600ED003D6B05 /* SGHotKey.h */,
				1BC6E37D11E600ED003D6B05 /* SGHotKey.mm */,
				1BC6E37E11E600ED003D6B05 /* SGHotKeyCenter.h */,
				1BC6E37F11E600ED003D6B05 /* SGHotKeyCenter.mm */,
				1BC6E38011E600ED003D6B05 /* SGKeyCodeTranslator.h */,
				1BC6E38111E600ED003D6B05 /* SGKeyCodeTranslator.mm */,
				1BC6E38211E600ED003D6B05 /* SGKeyCombo.h */,
				1BC6E38311E600ED003D6B05 /* SGKeyCombo.mm */,
			);
			path = SGHotKeys;
			sourceTree = "<group>";
		};
		1BC8CE7711E264090012A062 /* CRJavaScript */ = {
			isa = PBXGroup;
			children = (
				1BD2548D11E45E9E006CD313 /* CRJSExec.h */,
				1BD2549011E45E9E006CD313 /* CRJSExec.mm */,
				1BD2548E11E45E9E006CD313 /* CRJSMapper.h */,
				1BD2549111E45E9E006CD313 /* CRJSMapper.mm */,
				1BD2548F11E45E9E006CD313 /* CRJSRemoteQuery.h */,
				1BD2549211E45E9E006CD313 /* CRJSRemoteQuery.mm */,
			);
			name = CRJavaScript;
			sourceTree = "<group>";
		};
		1BC8CF6E11E2850E0012A062 /* Google Translate */ = {
			isa = PBXGroup;
			children = (
				1BE59E2B11E8B75900CF82C3 /* Language */,
				1BD2549711E45ED3006CD313 /* CRGoogleTranslate.h */,
				1BD2549911E45ED3006CD313 /* CRGoogleTranslate.mm */,
			);
			name = "Google Translate";
			sourceTree = "<group>";
		};
		1BCD78C611EC85E6000938B1 /* HTML */ = {
			isa = PBXGroup;
			children = (
				1BD2549C11E45EEA006CD313 /* GoogleTranslate.html */,
			);
			name = HTML;
			sourceTree = "<group>";
		};
		1BCE292711E786B1006CD5DC /* About */ = {
			isa = PBXGroup;
			children = (
				1BCE2B0C11E7A275006CD5DC /* CRAboutWindow.h */,
				1BCE2B0D11E7A275006CD5DC /* CRAboutWindow.mm */,
				1BCE292811E786B1006CD5DC /* CRAboutWindowController.h */,
				1BCE292911E786B1006CD5DC /* CRAboutWindowController.mm */,
			);
			name = About;
			path = Source/About;
			sourceTree = "<group>";
		};
		1BD2548311E45E04006CD313 /* Common */ = {
			isa = PBXGroup;
			children = (
				1BD2548711E45E7B006CD313 /* Constants.h */,
				1BD2548811E45E7B006CD313 /* Constants.mm */,
				1BD2574B11E48CD1006CD313 /* CRChangeSignaler.h */,
				1BD2574C11E48CD1006CD313 /* CRChangeSignaler.mm */,
				1BC6E14211E5CF00003D6B05 /* CRAutorunOnLogin.h */,
				1BC6E14311E5CF00003D6B05 /* CRAutorunOnLogin.mm */,
				1BCE2B9311E7BF3D006CD5DC /* CRDataToObjectTransformer.h */,
				1BCE2B9411E7BF3D006CD5DC /* CRDataToObjectTransformer.mm */,
			);
			name = Common;
			sourceTree = "<group>";
		};
		1BD256BD11E47FB2006CD313 /* Controls */ = {
			isa = PBXGroup;
			children = (
				1BCD768B11EC4AA0000938B1 /* CRRoundedBox.h */,
				1BCD768C11EC4AA0000938B1 /* CRRoundedBox.mm */,
				1BD256C111E47FDA006CD313 /* LOSpecialWindow.h */,
				1BD256C211E47FDA006CD313 /* LOSpecialWindow.mm */,
			);
			name = Controls;
			sourceTree = "<group>";
		};
		1BD256DA11E48100006CD313 /* Images */ = {
			isa = PBXGroup;
			children = (
				1BD256DC11E48146006CD313 /* TitlebarClose.tiff */,
				1BCD77E111EC5E55000938B1 /* TranslatorHeavy.tiff */,
				1BCD77E211EC5E55000938B1 /* TranslatorLight.tiff */,
				1BCD77E311EC5E55000938B1 /* TranslatorMiddle.tiff */,
			);
			name = Images;
			sourceTree = "<group>";
		};
		1BD256F611E484E9006CD313 /* Controllers */ = {
			isa = PBXGroup;
			children = (
				1BD2577E11E48FC8006CD313 /* Views */,
				1BD256FD11E4865B006CD313 /* LOTranslatorWindowController.h */,
				1BD256FE11E4865B006CD313 /* LOTranslatorWindowController.mm */,
				1BD25B9811E4CDDD006CD313 /* LOPreferencesWindowController.h */,
				1BD25B9911E4CDDD006CD313 /* LOPreferencesWindowController.mm */,
			);
			name = Controllers;
			sourceTree = "<group>";
		};
		1BD2574411E48CAF006CD313 /* Views & Windows */ = {
			isa = PBXGroup;
			children = (
				1BD25B1811E4BD24006CD313 /* Translator Views */,
				1BF0C9C011DF6A61005C908F /* MainMenu.xib */,
				1BD2574E11E48CED006CD313 /* TranslatorWindow.xib */,
				1BD25B9B11E4CDEE006CD313 /* PreferencesWindow.xib */,
				1BCD763711EC492E000938B1 /* CRAboutWindow.xib */,
			);
			name = "Views & Windows";
			sourceTree = "<group>";
		};
		1BD2577E11E48FC8006CD313 /* Views */ = {
			isa = PBXGroup;
			children = (
				1BD2595811E4AEA5006CD313 /* LOTranslatorController.h */,
				1BD2595911E4AEA5006CD313 /* LOTranslatorController.mm */,
				1BD2595C11E4AEA5006CD313 /* LOTranslatorLightController.h */,
				1BD2595D11E4AEA5006CD313 /* LOTranslatorLightController.mm */,
				1BD2595E11E4AEA5006CD313 /* LOTranslatorMiddleController.h */,
				1BD2595F11E4AEA5006CD313 /* LOTranslatorMiddleController.mm */,
				1BD2595A11E4AEA5006CD313 /* LOTranslatorHeavyController.h */,
				1BD2595B11E4AEA5006CD313 /* LOTranslatorHeavyController.mm */,
			);
			name = Views;
			sourceTree = "<group>";
		};
		1BD25B1811E4BD24006CD313 /* Translator Views */ = {
			isa = PBXGroup;
			children = (
				1BD2578911E49293006CD313 /* TranslatorLightView.xib */,
				1BD2576A11E48E88006CD313 /* TranslatorMiddleView.xib */,
				1BD2578711E49293006CD313 /* TranslatorHeavyView.xib */,
			);
			name = "Translator Views";
			sourceTree = "<group>";
		};
		1BE59E2B11E8B75900CF82C3 /* Language */ = {
			isa = PBXGroup;
			children = (
				1BE59F5911E8D39000CF82C3 /* CRGoogleLanguage.h */,
				1BE59F5C11E8D39000CF82C3 /* CRGoogleLanguage.mm */,
				1BE59F5A11E8D39000CF82C3 /* CRGoogleLanguagePair.h */,
				1BE59F5D11E8D39000CF82C3 /* CRGoogleLanguagePair.mm */,
				1BE59F5B11E8D39000CF82C3 /* CRGoogleLanguagePairsSet.h */,
				1BE59F5E11E8D39000CF82C3 /* CRGoogleLanguagePairsSet.mm */,
			);
			name = Language;
			sourceTree = "<group>";
		};
		29B97314FDCFA39411CA2CEA /* Lingoo */ = {
			isa = PBXGroup;
			children = (
				080E96DDFE201D6D7F000001 /* Classes */,
				29B97315FDCFA39411CA2CEA /* Other Sources */,
				29B97317FDCFA39411CA2CEA /* Resources */,
				29B97323FDCFA39411CA2CEA /* Frameworks */,
				19C28FACFE9D520D11CA2CBB /* Products */,
			);
			name = Lingoo;
			sourceTree = "<group>";
		};
		29B97315FDCFA39411CA2CEA /* Other Sources */ = {
			isa = PBXGroup;
			children = (
				256AC3F00F4B6AF500CF3369 /* Lingoo_Prefix.pch */,
				1BF0C9BE11DF6A4F005C908F /* main.m */,
			);
			name = "Other Sources";
			sourceTree = "<group>";
		};
		29B97317FDCFA39411CA2CEA /* Resources */ = {
			isa = PBXGroup;
			children = (
				1BCE2A5D11E78EF6006CD5DC /* Credits */,
				1BD2574411E48CAF006CD313 /* Views & Windows */,
				1BD256DA11E48100006CD313 /* Images */,
				1BCD78C611EC85E6000938B1 /* HTML */,
				8D1107310486CEB800E47090 /* Lingoo-Info.plist */,
				1BCD76B911EC52AB000938B1 /* sparkle_public.pem */,
				1BF0C9C211DF6A61005C908F /* InfoPlist.strings */,
				1BE59F6D11E8D3D500CF82C3 /* Localizable.strings */,
			);
			name = Resources;
			sourceTree = "<group>";
		};
		29B97323FDCFA39411CA2CEA /* Frameworks */ = {
			isa = PBXGroup;
			children = (
				1058C7A0FEA54F0111CA2CBB /* Linked Frameworks */,
				1058C7A2FEA54F0111CA2CBB /* Other Frameworks */,
			);
			name = Frameworks;
			sourceTree = "<group>";
		};
/* End PBXGroup section */

/* Begin PBXNativeTarget section */
		8D1107260486CEB800E47090 /* Lingoo */ = {
			isa = PBXNativeTarget;
			buildConfigurationList = C01FCF4A08A954540054247B /* Build configuration list for PBXNativeTarget "Lingoo" */;
			buildPhases = (
				8D1107290486CEB800E47090 /* Resources */,
				8D11072C0486CEB800E47090 /* Sources */,
				8D11072E0486CEB800E47090 /* Frameworks */,
				1BF0CDD711DFBAB0005C908F /* Copy Frameworks */,
			);
			buildRules = (
			);
			dependencies = (
			);
			name = Lingoo;
			productInstallPath = "$(HOME)/Applications";
			productName = Lingoo;
			productReference = 8D1107320486CEB800E47090 /* Lingoo.app */;
			productType = "com.apple.product-type.application";
		};
/* End PBXNativeTarget section */

/* Begin PBXProject section */
		29B97313FDCFA39411CA2CEA /* Project object */ = {
			isa = PBXProject;
			buildConfigurationList = C01FCF4E08A954540054247B /* Build configuration list for PBXProject "Lingoo" */;
			compatibilityVersion = "Xcode 3.1";
			hasScannedForEncodings = 1;
			mainGroup = 29B97314FDCFA39411CA2CEA /* Lingoo */;
			projectDirPath = "";
			projectRoot = "";
			targets = (
				8D1107260486CEB800E47090 /* Lingoo */,
			);
		};
/* End PBXProject section */

/* Begin PBXResourcesBuildPhase section */
		8D1107290486CEB800E47090 /* Resources */ = {
			isa = PBXResourcesBuildPhase;
			buildActionMask = 2147483647;
			files = (
				1BF0C9C411DF6A61005C908F /* MainMenu.xib in Resources */,
				1BF0C9C511DF6A61005C908F /* InfoPlist.strings in Resources */,
				1BD2549D11E45EEA006CD313 /* GoogleTranslate.html in Resources */,
				1BD256DD11E48146006CD313 /* TitlebarClose.tiff in Resources */,
				1BD2575011E48CED006CD313 /* TranslatorWindow.xib in Resources */,
				1BD2576C11E48E88006CD313 /* TranslatorMiddleView.xib in Resources */,
				1BD2578B11E49293006CD313 /* TranslatorHeavyView.xib in Resources */,
				1BD2578C11E49293006CD313 /* TranslatorLightView.xib in Resources */,
				1BD25B9D11E4CDEE006CD313 /* PreferencesWindow.xib in Resources */,
				1BCE2A6311E78EF6006CD5DC /* Credits in Resources */,
				1BE59F6F11E8D3D500CF82C3 /* Localizable.strings in Resources */,
				1BCD763911EC492E000938B1 /* CRAboutWindow.xib in Resources */,
				1BCD76BA11EC52AB000938B1 /* sparkle_public.pem in Resources */,
				1BCD77E411EC5E55000938B1 /* TranslatorHeavy.tiff in Resources */,
				1BCD77E511EC5E55000938B1 /* TranslatorLight.tiff in Resources */,
				1BCD77E611EC5E55000938B1 /* TranslatorMiddle.tiff in Resources */,
			);
			runOnlyForDeploymentPostprocessing = 0;
		};
/* End PBXResourcesBuildPhase section */

/* Begin PBXSourcesBuildPhase section */
		8D11072C0486CEB800E47090 /* Sources */ = {
			isa = PBXSourcesBuildPhase;
			buildActionMask = 2147483647;
			files = (
				1BF0C9BD11DF6A43005C908F /* LingooAppDelegate.mm in Sources */,
				1BF0C9BF11DF6A4F005C908F /* main.m in Sources */,
				1BD2548911E45E7B006CD313 /* Constants.mm in Sources */,
				1BD2549311E45E9E006CD313 /* CRJSExec.mm in Sources */,
				1BD2549411E45E9E006CD313 /* CRJSMapper.mm in Sources */,
				1BD2549511E45E9E006CD313 /* CRJSRemoteQuery.mm in Sources */,
				1BD2549B11E45ED3006CD313 /* CRGoogleTranslate.mm in Sources */,
				1BD256C311E47FDA006CD313 /* LOSpecialWindow.mm in Sources */,
				1BD256FF11E4865B006CD313 /* LOTranslatorWindowController.mm in Sources */,
				1BD2574D11E48CD1006CD313 /* CRChangeSignaler.mm in Sources */,
				1BD2596011E4AEA5006CD313 /* LOTranslatorController.mm in Sources */,
				1BD2596111E4AEA5006CD313 /* LOTranslatorHeavyController.mm in Sources */,
				1BD2596211E4AEA5006CD313 /* LOTranslatorLightController.mm in Sources */,
				1BD2596311E4AEA5006CD313 /* LOTranslatorMiddleController.mm in Sources */,
				1BD25B9A11E4CDDD006CD313 /* LOPreferencesWindowController.mm in Sources */,
				1BC6E14411E5CF00003D6B05 /* CRAutorunOnLogin.mm in Sources */,
				1BC6E1E111E5DC7C003D6B05 /* LOApplication.mm in Sources */,
				1BC6E38411E600ED003D6B05 /* SGHotKey.mm in Sources */,
				1BC6E38511E600ED003D6B05 /* SGHotKeyCenter.mm in Sources */,
				1BC6E38611E600ED003D6B05 /* SGKeyCodeTranslator.mm in Sources */,
				1BC6E38711E600ED003D6B05 /* SGKeyCombo.mm in Sources */,
				1BC6E38A11E600FD003D6B05 /* LOHotKeysCenter.mm in Sources */,
				1BCE292A11E786B1006CD5DC /* CRAboutWindowController.mm in Sources */,
				1BCE2B0E11E7A275006CD5DC /* CRAboutWindow.mm in Sources */,
				1BCE2B9511E7BF3D006CD5DC /* CRDataToObjectTransformer.mm in Sources */,
				1BE59F5811E8D37D00CF82C3 /* LOShared.mm in Sources */,
				1BE59F5F11E8D39000CF82C3 /* CRGoogleLanguage.mm in Sources */,
				1BE59F6011E8D39000CF82C3 /* CRGoogleLanguagePair.mm in Sources */,
				1BE59F6111E8D39000CF82C3 /* CRGoogleLanguagePairsSet.mm in Sources */,
				1BCD768D11EC4AA0000938B1 /* CRRoundedBox.mm in Sources */,
			);
			runOnlyForDeploymentPostprocessing = 0;
		};
/* End PBXSourcesBuildPhase section */

/* Begin PBXVariantGroup section */
		1BCD763711EC492E000938B1 /* CRAboutWindow.xib */ = {
			isa = PBXVariantGroup;
			children = (
				1BCD763811EC492E000938B1 /* English */,
			);
			name = CRAboutWindow.xib;
			sourceTree = "<group>";
		};
		1BD2574E11E48CED006CD313 /* TranslatorWindow.xib */ = {
			isa = PBXVariantGroup;
			children = (
				1BD2574F11E48CED006CD313 /* English */,
			);
			name = TranslatorWindow.xib;
			sourceTree = "<group>";
		};
		1BD2576A11E48E88006CD313 /* TranslatorMiddleView.xib */ = {
			isa = PBXVariantGroup;
			children = (
				1BD2576B11E48E88006CD313 /* English */,
			);
			name = TranslatorMiddleView.xib;
			sourceTree = "<group>";
		};
		1BD2578711E49293006CD313 /* TranslatorHeavyView.xib */ = {
			isa = PBXVariantGroup;
			children = (
				1BD2578811E49293006CD313 /* English */,
			);
			name = TranslatorHeavyView.xib;
			sourceTree = "<group>";
		};
		1BD2578911E49293006CD313 /* TranslatorLightView.xib */ = {
			isa = PBXVariantGroup;
			children = (
				1BD2578A11E49293006CD313 /* English */,
			);
			name = TranslatorLightView.xib;
			sourceTree = "<group>";
		};
		1BD25B9B11E4CDEE006CD313 /* PreferencesWindow.xib */ = {
			isa = PBXVariantGroup;
			children = (
				1BD25B9C11E4CDEE006CD313 /* English */,
			);
			name = PreferencesWindow.xib;
			sourceTree = "<group>";
		};
		1BE59F6D11E8D3D500CF82C3 /* Localizable.strings */ = {
			isa = PBXVariantGroup;
			children = (
				1BE59F6E11E8D3D500CF82C3 /* English */,
			);
			name = Localizable.strings;
			sourceTree = "<group>";
		};
		1BF0C9C011DF6A61005C908F /* MainMenu.xib */ = {
			isa = PBXVariantGroup;
			children = (
				1BF0C9C111DF6A61005C908F /* English */,
			);
			name = MainMenu.xib;
			sourceTree = "<group>";
		};
		1BF0C9C211DF6A61005C908F /* InfoPlist.strings */ = {
			isa = PBXVariantGroup;
			children = (
				1BF0C9C311DF6A61005C908F /* English */,
			);
			name = InfoPlist.strings;
			sourceTree = "<group>";
		};
/* End PBXVariantGroup section */

/* Begin XCBuildConfiguration section */
		C01FCF4B08A954540054247B /* Debug */ = {
			isa = XCBuildConfiguration;
			buildSettings = {
				ALWAYS_SEARCH_USER_PATHS = NO;
				COPY_PHASE_STRIP = NO;
				FRAMEWORK_SEARCH_PATHS = (
					"$(inherited)",
					"\"$(SRCROOT)/../External frameworks/BWToolkit\"",
					"\"$(SRCROOT)/../External frameworks\"",
					"\"$(SRCROOT)/../External frameworks/ShortcutRecorder\"",
				);
				GCC_DYNAMIC_NO_PIC = NO;
				GCC_ENABLE_FIX_AND_CONTINUE = YES;
				GCC_MODEL_TUNING = G5;
				GCC_OPTIMIZATION_LEVEL = 0;
				GCC_PRECOMPILE_PREFIX_HEADER = YES;
				GCC_PREFIX_HEADER = Lingoo_Prefix.pch;
				INFOPLIST_FILE = "Lingoo-Info.plist";
				INSTALL_PATH = "$(HOME)/Applications";
				PRODUCT_NAME = Lingoo;
			};
			name = Debug;
		};
		C01FCF4C08A954540054247B /* Release */ = {
			isa = XCBuildConfiguration;
			buildSettings = {
				ALWAYS_SEARCH_USER_PATHS = NO;
				DEBUG_INFORMATION_FORMAT = "dwarf-with-dsym";
				FRAMEWORK_SEARCH_PATHS = (
					"$(inherited)",
					"\"$(SRCROOT)/../External frameworks/BWToolkit\"",
					"\"$(SRCROOT)/../External frameworks\"",
					"\"$(SRCROOT)/../External frameworks/ShortcutRecorder\"",
				);
				GCC_MODEL_TUNING = G5;
				GCC_PRECOMPILE_PREFIX_HEADER = YES;
				GCC_PREFIX_HEADER = Lingoo_Prefix.pch;
				INFOPLIST_FILE = "Lingoo-Info.plist";
				INSTALL_PATH = "$(HOME)/Applications";
				PRODUCT_NAME = Lingoo;
			};
			name = Release;
		};
		C01FCF4F08A954540054247B /* Debug */ = {
			isa = XCBuildConfiguration;
			buildSettings = {
				ARCHS = "$(ARCHS_STANDARD_32_64_BIT)";
				GCC_C_LANGUAGE_STANDARD = gnu99;
				GCC_ENABLE_OBJC_GC = unsupported;
				GCC_OPTIMIZATION_LEVEL = 0;
				GCC_WARN_ABOUT_RETURN_TYPE = YES;
				GCC_WARN_UNUSED_VARIABLE = YES;
				ONLY_ACTIVE_ARCH = YES;
				PREBINDING = NO;
				SDKROOT = macosx10.6;
			};
			name = Debug;
		};
		C01FCF5008A954540054247B /* Release */ = {
			isa = XCBuildConfiguration;
			buildSettings = {
				ARCHS = "$(ARCHS_STANDARD_32_64_BIT)";
				GCC_C_LANGUAGE_STANDARD = gnu99;
				GCC_ENABLE_OBJC_GC = unsupported;
				GCC_WARN_ABOUT_RETURN_TYPE = YES;
				GCC_WARN_UNUSED_VARIABLE = YES;
				PREBINDING = NO;
				SDKROOT = macosx10.6;
			};
			name = Release;
		};
/* End XCBuildConfiguration section */

/* Begin XCConfigurationList section */
		C01FCF4A08A954540054247B /* Build configuration list for PBXNativeTarget "Lingoo" */ = {
			isa = XCConfigurationList;
			buildConfigurations = (
				C01FCF4B08A954540054247B /* Debug */,
				C01FCF4C08A954540054247B /* Release */,
			);
			defaultConfigurationIsVisible = 0;
			defaultConfigurationName = Release;
		};
		C01FCF4E08A954540054247B /* Build configuration list for PBXProject "Lingoo" */ = {
			isa = XCConfigurationList;
			buildConfigurations = (
				C01FCF4F08A954540054247B /* Debug */,
				C01FCF5008A954540054247B /* Release */,
			);
			defaultConfigurationIsVisible = 0;
			defaultConfigurationName = Release;
		};
/* End XCConfigurationList section */
	};
	rootObject = 29B97313FDCFA39411CA2CEA /* Project object */;
}
